// !$*UTF8*$!
{
	archiveVersion = 1;
	classes = {
	};
	objectVersion = 56;
	objects = {

/* Begin PBXBuildFile section */
		409C5CB32AEE49A90047F02B /* ShareExtensionApp.swift in Sources */ = {isa = PBXBuildFile; fileRef = 409C5CB22AEE49A90047F02B /* ShareExtensionApp.swift */; };
		409C5CB52AEE49A90047F02B /* ContentView.swift in Sources */ = {isa = PBXBuildFile; fileRef = 409C5CB42AEE49A90047F02B /* ContentView.swift */; };
		409C5CB72AEE49B10047F02B /* Assets.xcassets in Resources */ = {isa = PBXBuildFile; fileRef = 409C5CB62AEE49B10047F02B /* Assets.xcassets */; };
		409C5CBA2AEE49B10047F02B /* Preview Assets.xcassets in Resources */ = {isa = PBXBuildFile; fileRef = 409C5CB92AEE49B10047F02B /* Preview Assets.xcassets */; };
		409C5CC42AEE49B10047F02B /* ShareExtensionTests.swift in Sources */ = {isa = PBXBuildFile; fileRef = 409C5CC32AEE49B10047F02B /* ShareExtensionTests.swift */; };
		409C5CCE2AEE49B10047F02B /* ShareExtensionUITests.swift in Sources */ = {isa = PBXBuildFile; fileRef = 409C5CCD2AEE49B10047F02B /* ShareExtensionUITests.swift */; };
		409C5CD02AEE49B10047F02B /* ShareExtensionUITestsLaunchTests.swift in Sources */ = {isa = PBXBuildFile; fileRef = 409C5CCF2AEE49B10047F02B /* ShareExtensionUITestsLaunchTests.swift */; };
/* End PBXBuildFile section */

/* Begin PBXContainerItemProxy section */
		409C5CC02AEE49B10047F02B /* PBXContainerItemProxy */ = {
			isa = PBXContainerItemProxy;
			containerPortal = 409C5CA72AEE49A90047F02B /* Project object */;
			proxyType = 1;
			remoteGlobalIDString = 409C5CAE2AEE49A90047F02B;
			remoteInfo = ShareExtension;
		};
		409C5CCA2AEE49B10047F02B /* PBXContainerItemProxy */ = {
			isa = PBXContainerItemProxy;
			containerPortal = 409C5CA72AEE49A90047F02B /* Project object */;
			proxyType = 1;
			remoteGlobalIDString = 409C5CAE2AEE49A90047F02B;
			remoteInfo = ShareExtension;
		};
/* End PBXContainerItemProxy section */

/* Begin PBXFileReference section */
		409C5CAF2AEE49A90047F02B /* ShareExtension.app */ = {isa = PBXFileReference; explicitFileType = wrapper.application; includeInIndex = 0; path = ShareExtension.app; sourceTree = BUILT_PRODUCTS_DIR; };
		409C5CB22AEE49A90047F02B /* ShareExtensionApp.swift */ = {isa = PBXFileReference; lastKnownFileType = sourcecode.swift; path = ShareExtensionApp.swift; sourceTree = "<group>"; };
		409C5CB42AEE49A90047F02B /* ContentView.swift */ = {isa = PBXFileReference; lastKnownFileType = sourcecode.swift; path = ContentView.swift; sourceTree = "<group>"; };
		409C5CB62AEE49B10047F02B /* Assets.xcassets */ = {isa = PBXFileReference; lastKnownFileType = folder.assetcatalog; path = Assets.xcassets; sourceTree = "<group>"; };
		409C5CB92AEE49B10047F02B /* Preview Assets.xcassets */ = {isa = PBXFileReference; lastKnownFileType = folder.assetcatalog; path = "Preview Assets.xcassets"; sourceTree = "<group>"; };
		409C5CBF2AEE49B10047F02B /* ShareExtensionTests.xctest */ = {isa = PBXFileReference; explicitFileType = wrapper.cfbundle; includeInIndex = 0; path = ShareExtensionTests.xctest; sourceTree = BUILT_PRODUCTS_DIR; };
		409C5CC32AEE49B10047F02B /* ShareExtensionTests.swift */ = {isa = PBXFileReference; lastKnownFileType = sourcecode.swift; path = ShareExtensionTests.swift; sourceTree = "<group>"; };
		409C5CC92AEE49B10047F02B /* ShareExtensionUITests.xctest */ = {isa = PBXFileReference; explicitFileType = wrapper.cfbundle; includeInIndex = 0; path = ShareExtensionUITests.xctest; sourceTree = BUILT_PRODUCTS_DIR; };
		409C5CCD2AEE49B10047F02B /* ShareExtensionUITests.swift */ = {isa = PBXFileReference; lastKnownFileType = sourcecode.swift; path = ShareExtensionUITests.swift; sourceTree = "<group>"; };
		409C5CCF2AEE49B10047F02B /* ShareExtensionUITestsLaunchTests.swift */ = {isa = PBXFileReference; lastKnownFileType = sourcecode.swift; path = ShareExtensionUITestsLaunchTests.swift; sourceTree = "<group>"; };
/* End PBXFileReference section */

/* Begin PBXFrameworksBuildPhase section */
		409C5CAC2AEE49A90047F02B /* Frameworks */ = {
			isa = PBXFrameworksBuildPhase;
			buildActionMask = 2147483647;
			files = (
			);
			runOnlyForDeploymentPostprocessing = 0;
		};
		409C5CBC2AEE49B10047F02B /* Frameworks */ = {
			isa = PBXFrameworksBuildPhase;
			buildActionMask = 2147483647;
			files = (
			);
			runOnlyForDeploymentPostprocessing = 0;
		};
		409C5CC62AEE49B10047F02B /* Frameworks */ = {
			isa = PBXFrameworksBuildPhase;
			buildActionMask = 2147483647;
			files = (
			);
			runOnlyForDeploymentPostprocessing = 0;
		};
/* End PBXFrameworksBuildPhase section */

/* Begin PBXGroup section */
		409C5CA62AEE49A90047F02B = {
			isa = PBXGroup;
			children = (
				409C5CB12AEE49A90047F02B /* ShareExtension */,
				409C5CC22AEE49B10047F02B /* ShareExtensionTests */,
				409C5CCC2AEE49B10047F02B /* ShareExtensionUITests */,
				409C5CB02AEE49A90047F02B /* Products */,
			);
			sourceTree = "<group>";
		};
		409C5CB02AEE49A90047F02B /* Products */ = {
			isa = PBXGroup;
			children = (
				409C5CAF2AEE49A90047F02B /* ShareExtension.app */,
				409C5CBF2AEE49B10047F02B /* ShareExtensionTests.xctest */,
				409C5CC92AEE49B10047F02B /* ShareExtensionUITests.xctest */,
			);
			name = Products;
			sourceTree = "<group>";
		};
		409C5CB12AEE49A90047F02B /* ShareExtension */ = {
			isa = PBXGroup;
			children = (
				409C5CB22AEE49A90047F02B /* ShareExtensionApp.swift */,
				409C5CB42AEE49A90047F02B /* ContentView.swift */,
				409C5CB62AEE49B10047F02B /* Assets.xcassets */,
				409C5CB82AEE49B10047F02B /* Preview Content */,
			);
			path = ShareExtension;
			sourceTree = "<group>";
		};
		409C5CB82AEE49B10047F02B /* Preview Content */ = {
			isa = PBXGroup;
			children = (
				409C5CB92AEE49B10047F02B /* Preview Assets.xcassets */,
			);
			path = "Preview Content";
			sourceTree = "<group>";
		};
		409C5CC22AEE49B10047F02B /* ShareExtensionTests */ = {
			isa = PBXGroup;
			children = (
				409C5CC32AEE49B10047F02B /* ShareExtensionTests.swift */,
			);
			path = ShareExtensionTests;
			sourceTree = "<group>";
		};
		409C5CCC2AEE49B10047F02B /* ShareExtensionUITests */ = {
			isa = PBXGroup;
			children = (
				409C5CCD2AEE49B10047F02B /* ShareExtensionUITests.swift */,
				409C5CCF2AEE49B10047F02B /* ShareExtensionUITestsLaunchTests.swift */,
			);
			path = ShareExtensionUITests;
			sourceTree = "<group>";
		};
/* End PBXGroup section */

/* Begin PBXNativeTarget section */
		409C5CAE2AEE49A90047F02B /* ShareExtension */ = {
			isa = PBXNativeTarget;
			buildConfigurationList = 409C5CD32AEE49B10047F02B /* Build configuration list for PBXNativeTarget "ShareExtension" */;
			buildPhases = (
				409C5CAB2AEE49A90047F02B /* Sources */,
				409C5CAC2AEE49A90047F02B /* Frameworks */,
				409C5CAD2AEE49A90047F02B /* Resources */,
			);
			buildRules = (
			);
			dependencies = (
			);
			name = ShareExtension;
			productName = ShareExtension;
			productReference = 409C5CAF2AEE49A90047F02B /* ShareExtension.app */;
			productType = "com.apple.product-type.application";
		};
		409C5CBE2AEE49B10047F02B /* ShareExtensionTests */ = {
			isa = PBXNativeTarget;
			buildConfigurationList = 409C5CD62AEE49B10047F02B /* Build configuration list for PBXNativeTarget "ShareExtensionTests" */;
			buildPhases = (
				409C5CBB2AEE49B10047F02B /* Sources */,
				409C5CBC2AEE49B10047F02B /* Frameworks */,
				409C5CBD2AEE49B10047F02B /* Resources */,
			);
			buildRules = (
			);
			dependencies = (
				409C5CC12AEE49B10047F02B /* PBXTargetDependency */,
			);
			name = ShareExtensionTests;
			productName = ShareExtensionTests;
			productReference = 409C5CBF2AEE49B10047F02B /* ShareExtensionTests.xctest */;
			productType = "com.apple.product-type.bundle.unit-test";
		};
		409C5CC82AEE49B10047F02B /* ShareExtensionUITests */ = {
			isa = PBXNativeTarget;
			buildConfigurationList = 409C5CD92AEE49B10047F02B /* Build configuration list for PBXNativeTarget "ShareExtensionUITests" */;
			buildPhases = (
				409C5CC52AEE49B10047F02B /* Sources */,
				409C5CC62AEE49B10047F02B /* Frameworks */,
				409C5CC72AEE49B10047F02B /* Resources */,
			);
			buildRules = (
			);
			dependencies = (
				409C5CCB2AEE49B10047F02B /* PBXTargetDependency */,
			);
			name = ShareExtensionUITests;
			productName = ShareExtensionUITests;
			productReference = 409C5CC92AEE49B10047F02B /* ShareExtensionUITests.xctest */;
			productType = "com.apple.product-type.bundle.ui-testing";
		};
/* End PBXNativeTarget section */

/* Begin PBXProject section */
		409C5CA72AEE49A90047F02B /* Project object */ = {
			isa = PBXProject;
			attributes = {
				BuildIndependentTargetsInParallel = 1;
				LastSwiftUpdateCheck = 1500;
				LastUpgradeCheck = 1500;
				TargetAttributes = {
					409C5CAE2AEE49A90047F02B = {
						CreatedOnToolsVersion = 15.0.1;
					};
					409C5CBE2AEE49B10047F02B = {
						CreatedOnToolsVersion = 15.0.1;
						TestTargetID = 409C5CAE2AEE49A90047F02B;
					};
					409C5CC82AEE49B10047F02B = {
						CreatedOnToolsVersion = 15.0.1;
						TestTargetID = 409C5CAE2AEE49A90047F02B;
					};
				};
			};
			buildConfigurationList = 409C5CAA2AEE49A90047F02B /* Build configuration list for PBXProject "ShareExtension" */;
			compatibilityVersion = "Xcode 14.0";
			developmentRegion = en;
			hasScannedForEncodings = 0;
			knownRegions = (
				en,
				Base,
			);
			mainGroup = 409C5CA62AEE49A90047F02B;
			productRefGroup = 409C5CB02AEE49A90047F02B /* Products */;
			projectDirPath = "";
			projectRoot = "";
			targets = (
				409C5CAE2AEE49A90047F02B /* ShareExtension */,
				409C5CBE2AEE49B10047F02B /* ShareExtensionTests */,
				409C5CC82AEE49B10047F02B /* ShareExtensionUITests */,
			);
		};
/* End PBXProject section */

/* Begin PBXResourcesBuildPhase section */
		409C5CAD2AEE49A90047F02B /* Resources */ = {
			isa = PBXResourcesBuildPhase;
			buildActionMask = 2147483647;
			files = (
				409C5CBA2AEE49B10047F02B /* Preview Assets.xcassets in Resources */,
				409C5CB72AEE49B10047F02B /* Assets.xcassets in Resources */,
			);
			runOnlyForDeploymentPostprocessing = 0;
		};
		409C5CBD2AEE49B10047F02B /* Resources */ = {
			isa = PBXResourcesBuildPhase;
			buildActionMask = 2147483647;
			files = (
			);
			runOnlyForDeploymentPostprocessing = 0;
		};
		409C5CC72AEE49B10047F02B /* Resources */ = {
			isa = PBXResourcesBuildPhase;
			buildActionMask = 2147483647;
			files = (
			);
			runOnlyForDeploymentPostprocessing = 0;
		};
/* End PBXResourcesBuildPhase section */

/* Begin PBXSourcesBuildPhase section */
		409C5CAB2AEE49A90047F02B /* Sources */ = {
			isa = PBXSourcesBuildPhase;
			buildActionMask = 2147483647;
			files = (
				409C5CB52AEE49A90047F02B /* ContentView.swift in Sources */,
				409C5CB32AEE49A90047F02B /* ShareExtensionApp.swift in Sources */,
			);
			runOnlyForDeploymentPostprocessing = 0;
		};
		409C5CBB2AEE49B10047F02B /* Sources */ = {
			isa = PBXSourcesBuildPhase;
			buildActionMask = 2147483647;
			files = (
				409C5CC42AEE49B10047F02B /* ShareExtensionTests.swift in Sources */,
			);
			runOnlyForDeploymentPostprocessing = 0;
		};
		409C5CC52AEE49B10047F02B /* Sources */ = {
			isa = PBXSourcesBuildPhase;
			buildActionMask = 2147483647;
			files = (
				409C5CD02AEE49B10047F02B /* ShareExtensionUITestsLaunchTests.swift in Sources */,
				409C5CCE2AEE49B10047F02B /* ShareExtensionUITests.swift in Sources */,
			);
			runOnlyForDeploymentPostprocessing = 0;
		};
/* End PBXSourcesBuildPhase section */

/* Begin PBXTargetDependency section */
		409C5CC12AEE49B10047F02B /* PBXTargetDependency */ = {
			isa = PBXTargetDependency;
			target = 409C5CAE2AEE49A90047F02B /* ShareExtension */;
			targetProxy = 409C5CC02AEE49B10047F02B /* PBXContainerItemProxy */;
		};
		409C5CCB2AEE49B10047F02B /* PBXTargetDependency */ = {
			isa = PBXTargetDependency;
			target = 409C5CAE2AEE49A90047F02B /* ShareExtension */;
			targetProxy = 409C5CCA2AEE49B10047F02B /* PBXContainerItemProxy */;
		};
/* End PBXTargetDependency section */

/* Begin XCBuildConfiguration section */
		409C5CD12AEE49B10047F02B /* Debug */ = {
			isa = XCBuildConfiguration;
			buildSettings = {
				ALWAYS_SEARCH_USER_PATHS = NO;
				ASSETCATALOG_COMPILER_GENERATE_SWIFT_ASSET_SYMBOL_EXTENSIONS = YES;
				CLANG_ANALYZER_NONNULL = YES;
				CLANG_ANALYZER_NUMBER_OBJECT_CONVERSION = YES_AGGRESSIVE;
				CLANG_CXX_LANGUAGE_STANDARD = "gnu++20";
				CLANG_ENABLE_MODULES = YES;
				CLANG_ENABLE_OBJC_ARC = YES;
				CLANG_ENABLE_OBJC_WEAK = YES;
				CLANG_WARN_BLOCK_CAPTURE_AUTORELEASING = YES;
				CLANG_WARN_BOOL_CONVERSION = YES;
				CLANG_WARN_COMMA = YES;
				CLANG_WARN_CONSTANT_CONVERSION = YES;
				CLANG_WARN_DEPRECATED_OBJC_IMPLEMENTATIONS = YES;
				CLANG_WARN_DIRECT_OBJC_ISA_USAGE = YES_ERROR;
				CLANG_WARN_DOCUMENTATION_COMMENTS = YES;
				CLANG_WARN_EMPTY_BODY = YES;
				CLANG_WARN_ENUM_CONVERSION = YES;
				CLANG_WARN_INFINITE_RECURSION = YES;
				CLANG_WARN_INT_CONVERSION = YES;
				CLANG_WARN_NON_LITERAL_NULL_CONVERSION = YES;
				CLANG_WARN_OBJC_IMPLICIT_RETAIN_SELF = YES;
				CLANG_WARN_OBJC_LITERAL_CONVERSION = YES;
				CLANG_WARN_OBJC_ROOT_CLASS = YES_ERROR;
				CLANG_WARN_QUOTED_INCLUDE_IN_FRAMEWORK_HEADER = YES;
				CLANG_WARN_RANGE_LOOP_ANALYSIS = YES;
				CLANG_WARN_STRICT_PROTOTYPES = YES;
				CLANG_WARN_SUSPICIOUS_MOVE = YES;
				CLANG_WARN_UNGUARDED_AVAILABILITY = YES_AGGRESSIVE;
				CLANG_WARN_UNREACHABLE_CODE = YES;
				CLANG_WARN__DUPLICATE_METHOD_MATCH = YES;
				COPY_PHASE_STRIP = NO;
				DEBUG_INFORMATION_FORMAT = dwarf;
				ENABLE_STRICT_OBJC_MSGSEND = YES;
				ENABLE_TESTABILITY = YES;
				ENABLE_USER_SCRIPT_SANDBOXING = YES;
				GCC_C_LANGUAGE_STANDARD = gnu17;
				GCC_DYNAMIC_NO_PIC = NO;
				GCC_NO_COMMON_BLOCKS = YES;
				GCC_OPTIMIZATION_LEVEL = 0;
				GCC_PREPROCESSOR_DEFINITIONS = (
					"DEBUG=1",
					"$(inherited)",
				);
				GCC_WARN_64_TO_32_BIT_CONVERSION = YES;
				GCC_WARN_ABOUT_RETURN_TYPE = YES_ERROR;
				GCC_WARN_UNDECLARED_SELECTOR = YES;
				GCC_WARN_UNINITIALIZED_AUTOS = YES_AGGRESSIVE;
				GCC_WARN_UNUSED_FUNCTION = YES;
				GCC_WARN_UNUSED_VARIABLE = YES;
				IPHONEOS_DEPLOYMENT_TARGET = 17.0;
				LOCALIZATION_PREFERS_STRING_CATALOGS = YES;
				MTL_ENABLE_DEBUG_INFO = INCLUDE_SOURCE;
				MTL_FAST_MATH = YES;
				ONLY_ACTIVE_ARCH = YES;
				SDKROOT = iphoneos;
				SWIFT_ACTIVE_COMPILATION_CONDITIONS = "DEBUG $(inherited)";
				SWIFT_OPTIMIZATION_LEVEL = "-Onone";
			};
			name = Debug;
		};
		409C5CD22AEE49B10047F02B /* Release */ = {
			isa = XCBuildConfiguration;
			buildSettings = {
				ALWAYS_SEARCH_USER_PATHS = NO;
				ASSETCATALOG_COMPILER_GENERATE_SWIFT_ASSET_SYMBOL_EXTENSIONS = YES;
				CLANG_ANALYZER_NONNULL = YES;
				CLANG_ANALYZER_NUMBER_OBJECT_CONVERSION = YES_AGGRESSIVE;
				CLANG_CXX_LANGUAGE_STANDARD = "gnu++20";
				CLANG_ENABLE_MODULES = YES;
				CLANG_ENABLE_OBJC_ARC = YES;
				CLANG_ENABLE_OBJC_WEAK = YES;
				CLANG_WARN_BLOCK_CAPTURE_AUTORELEASING = YES;
				CLANG_WARN_BOOL_CONVERSION = YES;
				CLANG_WARN_COMMA = YES;
				CLANG_WARN_CONSTANT_CONVERSION = YES;
				CLANG_WARN_DEPRECATED_OBJC_IMPLEMENTATIONS = YES;
				CLANG_WARN_DIRECT_OBJC_ISA_USAGE = YES_ERROR;
				CLANG_WARN_DOCUMENTATION_COMMENTS = YES;
				CLANG_WARN_EMPTY_BODY = YES;
				CLANG_WARN_ENUM_CONVERSION = YES;
				CLANG_WARN_INFINITE_RECURSION = YES;
				CLANG_WARN_INT_CONVERSION = YES;
				CLANG_WARN_NON_LITERAL_NULL_CONVERSION = YES;
				CLANG_WARN_OBJC_IMPLICIT_RETAIN_SELF = YES;
				CLANG_WARN_OBJC_LITERAL_CONVERSION = YES;
				CLANG_WARN_OBJC_ROOT_CLASS = YES_ERROR;
				CLANG_WARN_QUOTED_INCLUDE_IN_FRAMEWORK_HEADER = YES;
				CLANG_WARN_RANGE_LOOP_ANALYSIS = YES;
				CLANG_WARN_STRICT_PROTOTYPES = YES;
				CLANG_WARN_SUSPICIOUS_MOVE = YES;
				CLANG_WARN_UNGUARDED_AVAILABILITY = YES_AGGRESSIVE;
				CLANG_WARN_UNREACHABLE_CODE = YES;
				CLANG_WARN__DUPLICATE_METHOD_MATCH = YES;
				COPY_PHASE_STRIP = NO;
				DEBUG_INFORMATION_FORMAT = "dwarf-with-dsym";
				ENABLE_NS_ASSERTIONS = NO;
				ENABLE_STRICT_OBJC_MSGSEND = YES;
				ENABLE_USER_SCRIPT_SANDBOXING = YES;
				GCC_C_LANGUAGE_STANDARD = gnu17;
				GCC_NO_COMMON_BLOCKS = YES;
				GCC_WARN_64_TO_32_BIT_CONVERSION = YES;
				GCC_WARN_ABOUT_RETURN_TYPE = YES_ERROR;
				GCC_WARN_UNDECLARED_SELECTOR = YES;
				GCC_WARN_UNINITIALIZED_AUTOS = YES_AGGRESSIVE;
				GCC_WARN_UNUSED_FUNCTION = YES;
				GCC_WARN_UNUSED_VARIABLE = YES;
				IPHONEOS_DEPLOYMENT_TARGET = 17.0;
				LOCALIZATION_PREFERS_STRING_CATALOGS = YES;
				MTL_ENABLE_DEBUG_INFO = NO;
				MTL_FAST_MATH = YES;
				SDKROOT = iphoneos;
				SWIFT_COMPILATION_MODE = wholemodule;
				VALIDATE_PRODUCT = YES;
			};
			name = Release;
		};
		409C5CD42AEE49B10047F02B /* Debug */ = {
			isa = XCBuildConfiguration;
			buildSettings = {
				ASSETCATALOG_COMPILER_APPICON_NAME = AppIcon;
				ASSETCATALOG_COMPILER_GLOBAL_ACCENT_COLOR_NAME = AccentColor;
				CODE_SIGN_STYLE = Automatic;
				CURRENT_PROJECT_VERSION = 1;
				DEVELOPMENT_ASSET_PATHS = "\"ShareExtension/Preview Content\"";
				DEVELOPMENT_TEAM = 947748M42W;
				ENABLE_PREVIEWS = YES;
				GENERATE_INFOPLIST_FILE = YES;
				INFOPLIST_KEY_UIApplicationSceneManifest_Generation = YES;
				INFOPLIST_KEY_UIApplicationSupportsIndirectInputEvents = YES;
				INFOPLIST_KEY_UILaunchScreen_Generation = YES;
				INFOPLIST_KEY_UISupportedInterfaceOrientations_iPad = "UIInterfaceOrientationPortrait UIInterfaceOrientationPortraitUpsideDown UIInterfaceOrientationLandscapeLeft UIInterfaceOrientationLandscapeRight";
				INFOPLIST_KEY_UISupportedInterfaceOrientations_iPhone = "UIInterfaceOrientationPortrait UIInterfaceOrientationLandscapeLeft UIInterfaceOrientationLandscapeRight";
				LD_RUNPATH_SEARCH_PATHS = (
					"$(inherited)",
					"@executable_path/Frameworks",
				);
				MARKETING_VERSION = 1.0;
				PRODUCT_BUNDLE_IDENTIFIER = com.scalefocus.ShareExtension;
				PRODUCT_NAME = "$(TARGET_NAME)";
				SWIFT_EMIT_LOC_STRINGS = YES;
				SWIFT_VERSION = 5.0;
				TARGETED_DEVICE_FAMILY = "1,2";
			};
			name = Debug;
		};
		409C5CD52AEE49B10047F02B /* Release */ = {
			isa = XCBuildConfiguration;
			buildSettings = {
				ASSETCATALOG_COMPILER_APPICON_NAME = AppIcon;
				ASSETCATALOG_COMPILER_GLOBAL_ACCENT_COLOR_NAME = AccentColor;
				CODE_SIGN_STYLE = Automatic;
				CURRENT_PROJECT_VERSION = 1;
				DEVELOPMENT_ASSET_PATHS = "\"ShareExtension/Preview Content\"";
				DEVELOPMENT_TEAM = 947748M42W;
				ENABLE_PREVIEWS = YES;
				GENERATE_INFOPLIST_FILE = YES;
				INFOPLIST_KEY_UIApplicationSceneManifest_Generation = YES;
				INFOPLIST_KEY_UIApplicationSupportsIndirectInputEvents = YES;
				INFOPLIST_KEY_UILaunchScreen_Generation = YES;
				INFOPLIST_KEY_UISupportedInterfaceOrientations_iPad = "UIInterfaceOrientationPortrait UIInterfaceOrientationPortraitUpsideDown UIInterfaceOrientationLandscapeLeft UIInterfaceOrientationLandscapeRight";
				INFOPLIST_KEY_UISupportedInterfaceOrientations_iPhone = "UIInterfaceOrientationPortrait UIInterfaceOrientationLandscapeLeft UIInterfaceOrientationLandscapeRight";
				LD_RUNPATH_SEARCH_PATHS = (
					"$(inherited)",
					"@executable_path/Frameworks",
				);
				MARKETING_VERSION = 1.0;
				PRODUCT_BUNDLE_IDENTIFIER = com.scalefocus.ShareExtension;
				PRODUCT_NAME = "$(TARGET_NAME)";
				SWIFT_EMIT_LOC_STRINGS = YES;
				SWIFT_VERSION = 5.0;
				TARGETED_DEVICE_FAMILY = "1,2";
			};
			name = Release;
		};
		409C5CD72AEE49B10047F02B /* Debug */ = {
			isa = XCBuildConfiguration;
			buildSettings = {
				ALWAYS_EMBED_SWIFT_STANDARD_LIBRARIES = YES;
				BUNDLE_LOADER = "$(TEST_HOST)";
				CODE_SIGN_STYLE = Automatic;
				CURRENT_PROJECT_VERSION = 1;
				DEVELOPMENT_TEAM = 947748M42W;
				GENERATE_INFOPLIST_FILE = YES;
				IPHONEOS_DEPLOYMENT_TARGET = 17.0;
				MARKETING_VERSION = 1.0;
				PRODUCT_BUNDLE_IDENTIFIER = com.scalefocus.ShareExtensionTests;
				PRODUCT_NAME = "$(TARGET_NAME)";
				SWIFT_EMIT_LOC_STRINGS = NO;
				SWIFT_VERSION = 5.0;
				TARGETED_DEVICE_FAMILY = "1,2";
				TEST_HOST = "$(BUILT_PRODUCTS_DIR)/ShareExtension.app/$(BUNDLE_EXECUTABLE_FOLDER_PATH)/ShareExtension";
			};
			name = Debug;
		};
		409C5CD82AEE49B10047F02B /* Release */ = {
			isa = XCBuildConfiguration;
			buildSettings = {
				ALWAYS_EMBED_SWIFT_STANDARD_LIBRARIES = YES;
				BUNDLE_LOADER = "$(TEST_HOST)";
				CODE_SIGN_STYLE = Automatic;
				CURRENT_PROJECT_VERSION = 1;
				DEVELOPMENT_TEAM = 947748M42W;
				GENERATE_INFOPLIST_FILE = YES;
				IPHONEOS_DEPLOYMENT_TARGET = 17.0;
				MARKETING_VERSION = 1.0;
				PRODUCT_BUNDLE_IDENTIFIER = com.scalefocus.ShareExtensionTests;
				PRODUCT_NAME = "$(TARGET_NAME)";
				SWIFT_EMIT_LOC_STRINGS = NO;
				SWIFT_VERSION = 5.0;
				TARGETED_DEVICE_FAMILY = "1,2";
				TEST_HOST = "$(BUILT_PRODUCTS_DIR)/ShareExtension.app/$(BUNDLE_EXECUTABLE_FOLDER_PATH)/ShareExtension";
			};
			name = Release;
		};
		409C5CDA2AEE49B10047F02B /* Debug */ = {
			isa = XCBuildConfiguration;
			buildSettings = {
				ALWAYS_EMBED_SWIFT_STANDARD_LIBRARIES = YES;
				CODE_SIGN_STYLE = Automatic;
				CURRENT_PROJECT_VERSION = 1;
				DEVELOPMENT_TEAM = 947748M42W;
				GENERATE_INFOPLIST_FILE = YES;
				MARKETING_VERSION = 1.0;
				PRODUCT_BUNDLE_IDENTIFIER = com.scalefocus.ShareExtensionUITests;
				PRODUCT_NAME = "$(TARGET_NAME)";
				SWIFT_EMIT_LOC_STRINGS = NO;
				SWIFT_VERSION = 5.0;
				TARGETED_DEVICE_FAMILY = "1,2";
				TEST_TARGET_NAME = ShareExtension;
			};
			name = Debug;
		};
		409C5CDB2AEE49B10047F02B /* Release */ = {
			isa = XCBuildConfiguration;
			buildSettings = {
				ALWAYS_EMBED_SWIFT_STANDARD_LIBRARIES = YES;
				CODE_SIGN_STYLE = Automatic;
				CURRENT_PROJECT_VERSION = 1;
				DEVELOPMENT_TEAM = 947748M42W;
				GENERATE_INFOPLIST_FILE = YES;
				MARKETING_VERSION = 1.0;
				PRODUCT_BUNDLE_IDENTIFIER = com.scalefocus.ShareExtensionUITests;
				PRODUCT_NAME = "$(TARGET_NAME)";
				SWIFT_EMIT_LOC_STRINGS = NO;
				SWIFT_VERSION = 5.0;
				TARGETED_DEVICE_FAMILY = "1,2";
				TEST_TARGET_NAME = ShareExtension;
			};
			name = Release;
		};
/* End XCBuildConfiguration section */

/* Begin XCConfigurationList section */
		409C5CAA2AEE49A90047F02B /* Build configuration list for PBXProject "ShareExtension" */ = {
			isa = XCConfigurationList;
			buildConfigurations = (
				409C5CD12AEE49B10047F02B /* Debug */,
				409C5CD22AEE49B10047F02B /* Release */,
			);
			defaultConfigurationIsVisible = 0;
			defaultConfigurationName = Release;
		};
		409C5CD32AEE49B10047F02B /* Build configuration list for PBXNativeTarget "ShareExtension" */ = {
			isa = XCConfigurationList;
			buildConfigurations = (
				409C5CD42AEE49B10047F02B /* Debug */,
				409C5CD52AEE49B10047F02B /* Release */,
			);
			defaultConfigurationIsVisible = 0;
			defaultConfigurationName = Release;
		};
		409C5CD62AEE49B10047F02B /* Build configuration list for PBXNativeTarget "ShareExtensionTests" */ = {
			isa = XCConfigurationList;
			buildConfigurations = (
				409C5CD72AEE49B10047F02B /* Debug */,
				409C5CD82AEE49B10047F02B /* Release */,
			);
			defaultConfigurationIsVisible = 0;
			defaultConfigurationName = Release;
		};
		409C5CD92AEE49B10047F02B /* Build configuration list for PBXNativeTarget "ShareExtensionUITests" */ = {
			isa = XCConfigurationList;
			buildConfigurations = (
				409C5CDA2AEE49B10047F02B /* Debug */,
				409C5CDB2AEE49B10047F02B /* Release */,
			);
			defaultConfigurationIsVisible = 0;
			defaultConfigurationName = Release;
		};
/* End XCConfigurationList section */
	};
	rootObject = 409C5CA72AEE49A90047F02B /* Project object */;
}
